
Microsoft Visual Studio Solution File, Format Version 12.00
# Visual Studio Version 18
VisualStudioVersion = 18.5.11716.220
MinimumVisualStudioVersion = 10.0.40219.1
Project("{FAE04EC0-301F-11D3-BF4B-00C04F79EFBC}") = "GastroLink", "GastroLink\GastroLink.csproj", "{B586AAA7-53F9-475B-8DB2-6A5A426B768E}"
EndProject
Project("{FAE04EC0-301F-11D3-BF4B-00C04F79EFBC}") = "APIGastroLink", "APIGastroLink\APIGastroLink.csproj", "{6C0B8265-C5CD-4EFA-B208-861BA8FED58A}"
EndProject
Project("{2150E333-8FDC-42A3-9474-1A3956D46DE8}") = "Itens de Solução", "Itens de Solução", "{BFE617FB-923D-43A1-A74B-CE81147CD132}"
	ProjectSection(SolutionItems) = preProject
		.env = .env
		docker-compose.dev.yml = docker-compose.dev.yml
		docker-compose.yml = docker-compose.yml
	EndProjectSection
EndProject
Global
	GlobalSection(SolutionConfigurationPlatforms) = preSolution
		Debug|Any CPU = Debug|Any CPU
		Release|Any CPU = Release|Any CPU
	EndGlobalSection
	GlobalSection(ProjectConfigurationPlatforms) = postSolution
		{B586AAA7-53F9-475B-8DB2-6A5A426B768E}.Debug|Any CPU.ActiveCfg = Debug|Any CPU
		{B586AAA7-53F9-475B-8DB2-6A5A426B768E}.Debug|Any CPU.Build.0 = Debug|Any CPU
		{B586AAA7-53F9-475B-8DB2-6A5A426B768E}.Release|Any CPU.ActiveCfg = Release|Any CPU
		{B586AAA7-53F9-475B-8DB2-6A5A426B768E}.Release|Any CPU.Build.0 = Release|Any CPU
		{6C0B8265-C5CD-4EFA-B208-861BA8FED58A}.Debug|Any CPU.ActiveCfg = Debug|Any CPU
		{6C0B8265-C5CD-4EFA-B208-861BA8FED58A}.Debug|Any CPU.Build.0 = Debug|Any CPU
		{6C0B8265-C5CD-4EFA-B208-861BA8FED58A}.Release|Any CPU.ActiveCfg = Release|Any CPU
		{6C0B8265-C5CD-4EFA-B208-861BA8FED58A}.Release|Any CPU.Build.0 = Release|Any CPU
	EndGlobalSection
	GlobalSection(SolutionProperties) = preSolution
		HideSolutionNode = FALSE
	EndGlobalSection
	GlobalSection(ExtensibilityGlobals) = postSolution
		SolutionGuid = {A843694A-8E61-4A63-ADB8-ED6E401013B2}
	EndGlobalSection
EndGlobal
